
Microsoft Visual Studio Solution File, Format Version 12.00
# Visual Studio Version 16
VisualStudioVersion = 16.0.30011.22
MinimumVisualStudioVersion = 10.0.40219.1
Project("{8BC9CEB8-8B4A-11D0-8D11-00A0C91BC942}") = "Q1", "Q1.vcxproj", "{B68FB657-2BEA-4DE8-8609-9FCBF5AA16CC}"
EndProject
Global
	GlobalSection(SolutionConfigurationPlatforms) = preSolution
		Debug|x64 = Debug|x64
		Debug|x86 = Debug|x86
		Release|x64 = Release|x64
		Release|x86 = Release|x86
	EndGlobalSection
	GlobalSection(ProjectConfigurationPlatforms) = postSolution
		{B68FB657-2BEA-4DE8-8609-9FCBF5AA16CC}.Debug|x64.ActiveCfg = Debug|x64
		{B68FB657-2BEA-4DE8-8609-9FCBF5AA16CC}.Debug|x64.Build.0 = Debug|x64
		{B68FB657-2BEA-4DE8-8609-9FCBF5AA16CC}.Debug|x86.ActiveCfg = Debug|Win32
		{B68FB657-2BEA-4DE8-8609-9FCBF5AA16CC}.Debug|x86.Build.0 = Debug|Win32
		{B68FB657-2BEA-4DE8-8609-9FCBF5AA16CC}.Release|x64.ActiveCfg = Release|x64
		{B68FB657-2BEA-4DE8-8609-9FCBF5AA16CC}.Release|x64.Build.0 = Release|x64
		{B68FB657-2BEA-4DE8-8609-9FCBF5AA16CC}.Release|x86.ActiveCfg = Release|Win32
		{B68FB657-2BEA-4DE8-8609-9FCBF5AA16CC}.Release|x86.Build.0 = Release|Win32
	EndGlobalSection
	GlobalSection(SolutionProperties) = preSolution
		HideSolutionNode = FALSE
	EndGlobalSection
	GlobalSection(ExtensibilityGlobals) = postSolution
		SolutionGuid = {EBD84B0C-6202-4AC3-AF8E-C9B416A4C9F2}
	EndGlobalSection
EndGlobal
